{
  "name": "chatify",
  "lockfileVersion": 3,
  "requires": true,
  "packages": {
    "": {
      "dependencies": {
        "daisyui": "^5.1.25"
      }
    },
    "node_modules/daisyui": {
      "version": "5.1.25",
      "resolved": "https://registry.npmjs.org/daisyui/-/daisyui-5.1.25.tgz",
      "integrity": "sha512-LYOGVIzTCCucEFkKmdj0fxbHHPZ83fpkYD7jXYF3/7UwrUu68TtXkIdGtEXadzeqUT361hCe6cj5tBB/7mvszw==",
      "license": "MIT",
      "funding": {
        "url": "https://github.com/saadeghi/daisyui?sponsor=1"
      }
    }
  }
}
